
Microsoft Visual Studio Solution File, Format Version 12.00
# Visual Studio Version 16
VisualStudioVersion = 25.0.1706.7
MinimumVisualStudioVersion = 10.0.40219.1
Project("{FAE04EC0-301F-11D3-BF4B-00C04F79EFBC}") = "ScriptsForServer", "ScriptsForServer\ScriptsForServer.csproj", "{D37767BD-5409-4354-90D0-1EE2715F7477}"
EndProject
Global
	GlobalSection(SolutionConfigurationPlatforms) = preSolution
		Debug|Any CPU = Debug|Any CPU
		Release|Any CPU = Release|Any CPU
	EndGlobalSection
	GlobalSection(ProjectConfigurationPlatforms) = postSolution
		{D37767BD-5409-4354-90D0-1EE2715F7477}.Debug|Any CPU.ActiveCfg = Debug|Any CPU
		{D37767BD-5409-4354-90D0-1EE2715F7477}.Debug|Any CPU.Build.0 = Debug|Any CPU
		{D37767BD-5409-4354-90D0-1EE2715F7477}.Release|Any CPU.ActiveCfg = Release|Any CPU
		{D37767BD-5409-4354-90D0-1EE2715F7477}.Release|Any CPU.Build.0 = Release|Any CPU
	EndGlobalSection
	GlobalSection(SolutionProperties) = preSolution
		HideSolutionNode = FALSE
	EndGlobalSection
	GlobalSection(ExtensibilityGlobals) = postSolution
		SolutionGuid = {824FD9AF-21FF-4C9A-91A4-148D66135263}
	EndGlobalSection
EndGlobal
